// !$*UTF8*$!
{
	archiveVersion = 1;
	classes = {
	};
	objectVersion = 50;
	objects = {

/* Begin PBXBuildFile section */
		A10D3183265EB2DA00E0911E /* common.png in Resources */ = {isa = PBXBuildFile; fileRef = A10D3182265EB2DA00E0911E /* common.png */; };
		A119ACDC265239AB00DD67FD /* AppDelegate.swift in Sources */ = {isa = PBXBuildFile; fileRef = A119ACDB265239AB00DD67FD /* AppDelegate.swift */; };
		A119ACDE265239AB00DD67FD /* SceneDelegate.swift in Sources */ = {isa = PBXBuildFile; fileRef = A119ACDD265239AB00DD67FD /* SceneDelegate.swift */; };
		A119ACE0265239AB00DD67FD /* ViewController.swift in Sources */ = {isa = PBXBuildFile; fileRef = A119ACDF265239AB00DD67FD /* ViewController.swift */; };
		A119ACE3265239AB00DD67FD /* Main.storyboard in Resources */ = {isa = PBXBuildFile; fileRef = A119ACE1265239AB00DD67FD /* Main.storyboard */; };
		A119ACE5265239AC00DD67FD /* Assets.xcassets in Resources */ = {isa = PBXBuildFile; fileRef = A119ACE4265239AC00DD67FD /* Assets.xcassets */; };
		A119ACE8265239AC00DD67FD /* LaunchScreen.storyboard in Resources */ = {isa = PBXBuildFile; fileRef = A119ACE6265239AC00DD67FD /* LaunchScreen.storyboard */; };
		A122C57F265A927000167C57 /* FoodListViewController.swift in Sources */ = {isa = PBXBuildFile; fileRef = A122C57E265A927000167C57 /* FoodListViewController.swift */; };
		A122C583265AA75C00167C57 /* ThemeViewController.swift in Sources */ = {isa = PBXBuildFile; fileRef = A122C582265AA75C00167C57 /* ThemeViewController.swift */; };
		A133E191265406B700206C00 /* MapViewController.swift in Sources */ = {isa = PBXBuildFile; fileRef = A133E190265406B700206C00 /* MapViewController.swift */; };
		A133E1942654074A00206C00 /* RestAreaListViewController.swift in Sources */ = {isa = PBXBuildFile; fileRef = A133E1932654074A00206C00 /* RestAreaListViewController.swift */; };
		A133E1EB265551B200206C00 /* StationInfoViewController.swift in Sources */ = {isa = PBXBuildFile; fileRef = A133E1EA265551B200206C00 /* StationInfoViewController.swift */; };
		A133E1F02656A9BF00206C00 /* Stations.swift in Sources */ = {isa = PBXBuildFile; fileRef = A133E1EF2656A9BF00206C00 /* Stations.swift */; };
/* End PBXBuildFile section */

/* Begin PBXFileReference section */
		A10D3182265EB2DA00E0911E /* common.png */ = {isa = PBXFileReference; lastKnownFileType = image.png; path = common.png; sourceTree = "<group>"; };
		A119ACD8265239AB00DD67FD /* TermProject2.app */ = {isa = PBXFileReference; explicitFileType = wrapper.application; includeInIndex = 0; path = TermProject2.app; sourceTree = BUILT_PRODUCTS_DIR; };
		A119ACDB265239AB00DD67FD /* AppDelegate.swift */ = {isa = PBXFileReference; lastKnownFileType = sourcecode.swift; path = AppDelegate.swift; sourceTree = "<group>"; };
		A119ACDD265239AB00DD67FD /* SceneDelegate.swift */ = {isa = PBXFileReference; lastKnownFileType = sourcecode.swift; path = SceneDelegate.swift; sourceTree = "<group>"; };
		A119ACDF265239AB00DD67FD /* ViewController.swift */ = {isa = PBXFileReference; lastKnownFileType = sourcecode.swift; path = ViewController.swift; sourceTree = "<group>"; };
		A119ACE2265239AB00DD67FD /* Base */ = {isa = PBXFileReference; lastKnownFileType = file.storyboard; name = Base; path = Base.lproj/Main.storyboard; sourceTree = "<group>"; };
		A119ACE4265239AC00DD67FD /* Assets.xcassets */ = {isa = PBXFileReference; lastKnownFileType = folder.assetcatalog; path = Assets.xcassets; sourceTree = "<group>"; };
		A119ACE7265239AC00DD67FD /* Base */ = {isa = PBXFileReference; lastKnownFileType = file.storyboard; name = Base; path = Base.lproj/LaunchScreen.storyboard; sourceTree = "<group>"; };
		A119ACE9265239AC00DD67FD /* Info.plist */ = {isa = PBXFileReference; explicitFileType = text.plist.xml; path = Info.plist; sourceTree = "<group>"; };
		A122C57E265A927000167C57 /* FoodListViewController.swift */ = {isa = PBXFileReference; lastKnownFileType = sourcecode.swift; path = FoodListViewController.swift; sourceTree = "<group>"; };
		A122C582265AA75C00167C57 /* ThemeViewController.swift */ = {isa = PBXFileReference; lastKnownFileType = sourcecode.swift; path = ThemeViewController.swift; sourceTree = "<group>"; };
		A133E190265406B700206C00 /* MapViewController.swift */ = {isa = PBXFileReference; lastKnownFileType = sourcecode.swift; path = MapViewController.swift; sourceTree = "<group>"; };
		A133E1932654074A00206C00 /* RestAreaListViewController.swift */ = {isa = PBXFileReference; lastKnownFileType = sourcecode.swift; path = RestAreaListViewController.swift; sourceTree = "<group>"; };
		A133E1EA265551B200206C00 /* StationInfoViewController.swift */ = {isa = PBXFileReference; lastKnownFileType = sourcecode.swift; path = StationInfoViewController.swift; sourceTree = "<group>"; };
		A133E1EF2656A9BF00206C00 /* Stations.swift */ = {isa = PBXFileReference; lastKnownFileType = sourcecode.swift; path = Stations.swift; sourceTree = "<group>"; };
/* End PBXFileReference section */

/* Begin PBXFrameworksBuildPhase section */
		A119ACD5265239AB00DD67FD /* Frameworks */ = {
			isa = PBXFrameworksBuildPhase;
			buildActionMask = 2147483647;
			files = (
			);
			runOnlyForDeploymentPostprocessing = 0;
		};
/* End PBXFrameworksBuildPhase section */

/* Begin PBXGroup section */
		A119ACCF265239AB00DD67FD = {
			isa = PBXGroup;
			children = (
				A119ACDA265239AB00DD67FD /* TermProject2 */,
				A119ACD9265239AB00DD67FD /* Products */,
			);
			sourceTree = "<group>";
		};
		A119ACD9265239AB00DD67FD /* Products */ = {
			isa = PBXGroup;
			children = (
				A119ACD8265239AB00DD67FD /* TermProject2.app */,
			);
			name = Products;
			sourceTree = "<group>";
		};
		A119ACDA265239AB00DD67FD /* TermProject2 */ = {
			isa = PBXGroup;
			children = (
				A10D3182265EB2DA00E0911E /* common.png */,
				A119ACDB265239AB00DD67FD /* AppDelegate.swift */,
				A119ACDD265239AB00DD67FD /* SceneDelegate.swift */,
				A119ACDF265239AB00DD67FD /* ViewController.swift */,
				A119ACE1265239AB00DD67FD /* Main.storyboard */,
				A119ACE4265239AC00DD67FD /* Assets.xcassets */,
				A119ACE6265239AC00DD67FD /* LaunchScreen.storyboard */,
				A119ACE9265239AC00DD67FD /* Info.plist */,
				A133E1932654074A00206C00 /* RestAreaListViewController.swift */,
				A133E1EA265551B200206C00 /* StationInfoViewController.swift */,
				A133E190265406B700206C00 /* MapViewController.swift */,
				A122C582265AA75C00167C57 /* ThemeViewController.swift */,
				A133E1EF2656A9BF00206C00 /* Stations.swift */,
				A122C57E265A927000167C57 /* FoodListViewController.swift */,
			);
			path = TermProject2;
			sourceTree = "<group>";
		};
/* End PBXGroup section */

/* Begin PBXNativeTarget section */
		A119ACD7265239AB00DD67FD /* TermProject2 */ = {
			isa = PBXNativeTarget;
			buildConfigurationList = A119ACEC265239AC00DD67FD /* Build configuration list for PBXNativeTarget "TermProject2" */;
			buildPhases = (
				A119ACD4265239AB00DD67FD /* Sources */,
				A119ACD5265239AB00DD67FD /* Frameworks */,
				A119ACD6265239AB00DD67FD /* Resources */,
			);
			buildRules = (
			);
			dependencies = (
			);
			name = TermProject2;
			productName = TermProject2;
			productReference = A119ACD8265239AB00DD67FD /* TermProject2.app */;
			productType = "com.apple.product-type.application";
		};
/* End PBXNativeTarget section */

/* Begin PBXProject section */
		A119ACD0265239AB00DD67FD /* Project object */ = {
			isa = PBXProject;
			attributes = {
				LastSwiftUpdateCheck = 1240;
				LastUpgradeCheck = 1240;
				TargetAttributes = {
					A119ACD7265239AB00DD67FD = {
						CreatedOnToolsVersion = 12.4;
					};
				};
			};
			buildConfigurationList = A119ACD3265239AB00DD67FD /* Build configuration list for PBXProject "TermProject2" */;
			compatibilityVersion = "Xcode 9.3";
			developmentRegion = en;
			hasScannedForEncodings = 0;
			knownRegions = (
				en,
				Base,
			);
			mainGroup = A119ACCF265239AB00DD67FD;
			productRefGroup = A119ACD9265239AB00DD67FD /* Products */;
			projectDirPath = "";
			projectRoot = "";
			targets = (
				A119ACD7265239AB00DD67FD /* TermProject2 */,
			);
		};
/* End PBXProject section */

/* Begin PBXResourcesBuildPhase section */
		A119ACD6265239AB00DD67FD /* Resources */ = {
			isa = PBXResourcesBuildPhase;
			buildActionMask = 2147483647;
			files = (
				A119ACE8265239AC00DD67FD /* LaunchScreen.storyboard in Resources */,
				A119ACE5265239AC00DD67FD /* Assets.xcassets in Resources */,
				A10D3183265EB2DA00E0911E /* common.png in Resources */,
				A119ACE3265239AB00DD67FD /* Main.storyboard in Resources */,
			);
			runOnlyForDeploymentPostprocessing = 0;
		};
/* End PBXResourcesBuildPhase section */

/* Begin PBXSourcesBuildPhase section */
		A119ACD4265239AB00DD67FD /* Sources */ = {
			isa = PBXSourcesBuildPhase;
			buildActionMask = 2147483647;
			files = (
				A119ACE0265239AB00DD67FD /* ViewController.swift in Sources */,
				A133E1EB265551B200206C00 /* StationInfoViewController.swift in Sources */,
				A122C57F265A927000167C57 /* FoodListViewController.swift in Sources */,
				A133E1942654074A00206C00 /* RestAreaListViewController.swift in Sources */,
				A119ACDC265239AB00DD67FD /* AppDelegate.swift in Sources */,
				A119ACDE265239AB00DD67FD /* SceneDelegate.swift in Sources */,
				A122C583265AA75C00167C57 /* ThemeViewController.swift in Sources */,
				A133E1F02656A9BF00206C00 /* Stations.swift in Sources */,
				A133E191265406B700206C00 /* MapViewController.swift in Sources */,
			);
			runOnlyForDeploymentPostprocessing = 0;
		};
/* End PBXSourcesBuildPhase section */

/* Begin PBXVariantGroup section */
		A119ACE1265239AB00DD67FD /* Main.storyboard */ = {
			isa = PBXVariantGroup;
			children = (
				A119ACE2265239AB00DD67FD /* Base */,
			);
			name = Main.storyboard;
			sourceTree = "<group>";
		};
		A119ACE6265239AC00DD67FD /* LaunchScreen.storyboard */ = {
			isa = PBXVariantGroup;
			children = (
				A119ACE7265239AC00DD67FD /* Base */,
			);
			name = LaunchScreen.storyboard;
			sourceTree = "<group>";
		};
/* End PBXVariantGroup section */

/* Begin XCBuildConfiguration section */
		A119ACEA265239AC00DD67FD /* Debug */ = {
			isa = XCBuildConfiguration;
			buildSettings = {
				ALWAYS_SEARCH_USER_PATHS = NO;
				CLANG_ANALYZER_NONNULL = YES;
				CLANG_ANALYZER_NUMBER_OBJECT_CONVERSION = YES_AGGRESSIVE;
				CLANG_CXX_LANGUAGE_STANDARD = "gnu++14";
				CLANG_CXX_LIBRARY = "libc++";
				CLANG_ENABLE_MODULES = YES;
				CLANG_ENABLE_OBJC_ARC = YES;
				CLANG_ENABLE_OBJC_WEAK = YES;
				CLANG_WARN_BLOCK_CAPTURE_AUTORELEASING = YES;
				CLANG_WARN_BOOL_CONVERSION = YES;
				CLANG_WARN_COMMA = YES;
				CLANG_WARN_CONSTANT_CONVERSION = YES;
				CLANG_WARN_DEPRECATED_OBJC_IMPLEMENTATIONS = YES;
				CLANG_WARN_DIRECT_OBJC_ISA_USAGE = YES_ERROR;
				CLANG_WARN_DOCUMENTATION_COMMENTS = YES;
				CLANG_WARN_EMPTY_BODY = YES;
				CLANG_WARN_ENUM_CONVERSION = YES;
				CLANG_WARN_INFINITE_RECURSION = YES;
				CLANG_WARN_INT_CONVERSION = YES;
				CLANG_WARN_NON_LITERAL_NULL_CONVERSION = YES;
				CLANG_WARN_OBJC_IMPLICIT_RETAIN_SELF = YES;
				CLANG_WARN_OBJC_LITERAL_CONVERSION = YES;
				CLANG_WARN_OBJC_ROOT_CLASS = YES_ERROR;
				CLANG_WARN_QUOTED_INCLUDE_IN_FRAMEWORK_HEADER = YES;
				CLANG_WARN_RANGE_LOOP_ANALYSIS = YES;
				CLANG_WARN_STRICT_PROTOTYPES = YES;
				CLANG_WARN_SUSPICIOUS_MOVE = YES;
				CLANG_WARN_UNGUARDED_AVAILABILITY = YES_AGGRESSIVE;
				CLANG_WARN_UNREACHABLE_CODE = YES;
				CLANG_WARN__DUPLICATE_METHOD_MATCH = YES;
				COPY_PHASE_STRIP = NO;
				DEBUG_INFORMATION_FORMAT = dwarf;
				ENABLE_STRICT_OBJC_MSGSEND = YES;
				ENABLE_TESTABILITY = YES;
				GCC_C_LANGUAGE_STANDARD = gnu11;
				GCC_DYNAMIC_NO_PIC = NO;
				GCC_NO_COMMON_BLOCKS = YES;
				GCC_OPTIMIZATION_LEVEL = 0;
				GCC_PREPROCESSOR_DEFINITIONS = (
					"DEBUG=1",
					"$(inherited)",
				);
				GCC_WARN_64_TO_32_BIT_CONVERSION = YES;
				GCC_WARN_ABOUT_RETURN_TYPE = YES_ERROR;
				GCC_WARN_UNDECLARED_SELECTOR = YES;
				GCC_WARN_UNINITIALIZED_AUTOS = YES_AGGRESSIVE;
				GCC_WARN_UNUSED_FUNCTION = YES;
				GCC_WARN_UNUSED_VARIABLE = YES;
				IPHONEOS_DEPLOYMENT_TARGET = 14.4;
				MTL_ENABLE_DEBUG_INFO = INCLUDE_SOURCE;
				MTL_FAST_MATH = YES;
				ONLY_ACTIVE_ARCH = YES;
				SDKROOT = iphoneos;
				SWIFT_ACTIVE_COMPILATION_CONDITIONS = DEBUG;
				SWIFT_OPTIMIZATION_LEVEL = "-Onone";
			};
			name = Debug;
		};
		A119ACEB265239AC00DD67FD /* Release */ = {
			isa = XCBuildConfiguration;
			buildSettings = {
				ALWAYS_SEARCH_USER_PATHS = NO;
				CLANG_ANALYZER_NONNULL = YES;
				CLANG_ANALYZER_NUMBER_OBJECT_CONVERSION = YES_AGGRESSIVE;
				CLANG_CXX_LANGUAGE_STANDARD = "gnu++14";
				CLANG_CXX_LIBRARY = "libc++";
				CLANG_ENABLE_MODULES = YES;
				CLANG_ENABLE_OBJC_ARC = YES;
				CLANG_ENABLE_OBJC_WEAK = YES;
				CLANG_WARN_BLOCK_CAPTURE_AUTORELEASING = YES;
				CLANG_WARN_BOOL_CONVERSION = YES;
				CLANG_WARN_COMMA = YES;
				CLANG_WARN_CONSTANT_CONVERSION = YES;
				CLANG_WARN_DEPRECATED_OBJC_IMPLEMENTATIONS = YES;
				CLANG_WARN_DIRECT_OBJC_ISA_USAGE = YES_ERROR;
				CLANG_WARN_DOCUMENTATION_COMMENTS = YES;
				CLANG_WARN_EMPTY_BODY = YES;
				CLANG_WARN_ENUM_CONVERSION = YES;
				CLANG_WARN_INFINITE_RECURSION = YES;
				CLANG_WARN_INT_CONVERSION = YES;
				CLANG_WARN_NON_LITERAL_NULL_CONVERSION = YES;
				CLANG_WARN_OBJC_IMPLICIT_RETAIN_SELF = YES;
				CLANG_WARN_OBJC_LITERAL_CONVERSION = YES;
				CLANG_WARN_OBJC_ROOT_CLASS = YES_ERROR;
				CLANG_WARN_QUOTED_INCLUDE_IN_FRAMEWORK_HEADER = YES;
				CLANG_WARN_RANGE_LOOP_ANALYSIS = YES;
				CLANG_WARN_STRICT_PROTOTYPES = YES;
				CLANG_WARN_SUSPICIOUS_MOVE = YES;
				CLANG_WARN_UNGUARDED_AVAILABILITY = YES_AGGRESSIVE;
				CLANG_WARN_UNREACHABLE_CODE = YES;
				CLANG_WARN__DUPLICATE_METHOD_MATCH = YES;
				COPY_PHASE_STRIP = NO;
				DEBUG_INFORMATION_FORMAT = "dwarf-with-dsym";
				ENABLE_NS_ASSERTIONS = NO;
				ENABLE_STRICT_OBJC_MSGSEND = YES;
				GCC_C_LANGUAGE_STANDARD = gnu11;
				GCC_NO_COMMON_BLOCKS = YES;
				GCC_WARN_64_TO_32_BIT_CONVERSION = YES;
				GCC_WARN_ABOUT_RETURN_TYPE = YES_ERROR;
				GCC_WARN_UNDECLARED_SELECTOR = YES;
				GCC_WARN_UNINITIALIZED_AUTOS = YES_AGGRESSIVE;
				GCC_WARN_UNUSED_FUNCTION = YES;
				GCC_WARN_UNUSED_VARIABLE = YES;
				IPHONEOS_DEPLOYMENT_TARGET = 14.4;
				MTL_ENABLE_DEBUG_INFO = NO;
				MTL_FAST_MATH = YES;
				SDKROOT = iphoneos;
				SWIFT_COMPILATION_MODE = wholemodule;
				SWIFT_OPTIMIZATION_LEVEL = "-O";
				VALIDATE_PRODUCT = YES;
			};
			name = Release;
		};
		A119ACED265239AC00DD67FD /* Debug */ = {
			isa = XCBuildConfiguration;
			buildSettings = {
				ASSETCATALOG_COMPILER_APPICON_NAME = AppIcon;
				ASSETCATALOG_COMPILER_GLOBAL_ACCENT_COLOR_NAME = AccentColor;
				CODE_SIGN_STYLE = Automatic;
				DEVELOPMENT_TEAM = NZ9P5S84CV;
				INFOPLIST_FILE = TermProject2/Info.plist;
				LD_RUNPATH_SEARCH_PATHS = (
					"$(inherited)",
					"@executable_path/Frameworks",
				);
				PRODUCT_BUNDLE_IDENTIFIER = LeeYejun.2021class.TermProject2;
				PRODUCT_NAME = "$(TARGET_NAME)";
				SWIFT_VERSION = 5.0;
				TARGETED_DEVICE_FAMILY = "1,2";
			};
			name = Debug;
		};
		A119ACEE265239AC00DD67FD /* Release */ = {
			isa = XCBuildConfiguration;
			buildSettings = {
				ASSETCATALOG_COMPILER_APPICON_NAME = AppIcon;
				ASSETCATALOG_COMPILER_GLOBAL_ACCENT_COLOR_NAME = AccentColor;
				CODE_SIGN_STYLE = Automatic;
				DEVELOPMENT_TEAM = NZ9P5S84CV;
				INFOPLIST_FILE = TermProject2/Info.plist;
				LD_RUNPATH_SEARCH_PATHS = (
					"$(inherited)",
					"@executable_path/Frameworks",
				);
				PRODUCT_BUNDLE_IDENTIFIER = LeeYejun.2021class.TermProject2;
				PRODUCT_NAME = "$(TARGET_NAME)";
				SWIFT_VERSION = 5.0;
				TARGETED_DEVICE_FAMILY = "1,2";
			};
			name = Release;
		};
/* End XCBuildConfiguration section */

/* Begin XCConfigurationList section */
		A119ACD3265239AB00DD67FD /* Build configuration list for PBXProject "TermProject2" */ = {
			isa = XCConfigurationList;
			buildConfigurations = (
				A119ACEA265239AC00DD67FD /* Debug */,
				A119ACEB265239AC00DD67FD /* Release */,
			);
			defaultConfigurationIsVisible = 0;
			defaultConfigurationName = Release;
		};
		A119ACEC265239AC00DD67FD /* Build configuration list for PBXNativeTarget "TermProject2" */ = {
			isa = XCConfigurationList;
			buildConfigurations = (
				A119ACED265239AC00DD67FD /* Debug */,
				A119ACEE265239AC00DD67FD /* Release */,
			);
			defaultConfigurationIsVisible = 0;
			defaultConfigurationName = Release;
		};
/* End XCConfigurationList section */
	};
	rootObject = A119ACD0265239AB00DD67FD /* Project object */;
}
